{
  "name": "nptconnect-types",
  "version": "1.0.4",
  "lockfileVersion": 2,
  "requires": true,
  "packages": {
    "": {
      "name": "nptconnect-types",
      "version": "1.0.4",
      "dependencies": {
        "nptconnect-types": "^1.0.0"
      }
    },
    "node_modules/nptconnect-types": {
      "version": "1.0.0",
      "resolved": "https://registry.npmjs.org/nptconnect-types/-/nptconnect-types-1.0.0.tgz",
      "integrity": "sha512-VOop1lu03w9yqGQAHnVsU0vlh0XuJsl89lLzFlgnxlLGaCRllDeDbM27vaUz20EU4IC2ZGnAwnXJIrCxKzjYrw=="
    }
  },
  "dependencies": {
    "nptconnect-types": {
      "version": "1.0.0",
      "resolved": "https://registry.npmjs.org/nptconnect-types/-/nptconnect-types-1.0.0.tgz",
      "integrity": "sha512-VOop1lu03w9yqGQAHnVsU0vlh0XuJsl89lLzFlgnxlLGaCRllDeDbM27vaUz20EU4IC2ZGnAwnXJIrCxKzjYrw=="
    }
  }
}
