# THIS IS AN AUTOGENERATED FILE. DO NOT EDIT THIS FILE DIRECTLY.
# yarn lockfile v1


"nptconnect-types@^1.0.0":
  "integrity" "sha512-VOop1lu03w9yqGQAHnVsU0vlh0XuJsl89lLzFlgnxlLGaCRllDeDbM27vaUz20EU4IC2ZGnAwnXJIrCxKzjYrw=="
  "resolved" "https://registry.npmjs.org/nptconnect-types/-/nptconnect-types-1.0.0.tgz"
  "version" "1.0.0"
